PODS:
  - CountryPickerView (3.0.0)

DEPENDENCIES:
  - CountryPickerView (from `../`)

EXTERNAL SOURCES:
  CountryPickerView:
    :path: "../"

SPEC CHECKSUMS:
  CountryPickerView: 3a6dea66311cdb6f7e57275df6f9c2350fcf1df8

PODFILE CHECKSUM: 9c4e62c1d2fc47ba94beb8717240671d7a14744c

COCOAPODS: 1.7.0.beta.3
